
Microsoft Visual Studio Solution File, Format Version 12.00
# Visual Studio Version 17
VisualStudioVersion = 17.0.31903.59
MinimumVisualStudioVersion = 10.0.40219.1
Project("{2150E333-8FDC-42A3-9474-1A3956D46DE8}") = "src", "src", "{827E0CD3-B72D-47B6-A68D-7590B98EB39B}"
EndProject
Project("{FAE04EC0-301F-11D3-BF4B-00C04F79EFBC}") = "Milkora.Domain", "src\Milkora.Domain\Milkora.Domain.csproj", "{B8322BEF-A53F-4479-92FD-F06E0D236DF6}"
EndProject
Project("{FAE04EC0-301F-11D3-BF4B-00C04F79EFBC}") = "Milkora.Application", "src\Milkora.Application\Milkora.Application.csproj", "{23DC555F-0C83-421A-8DAB-8F0948D6CC5C}"
EndProject
Project("{FAE04EC0-301F-11D3-BF4B-00C04F79EFBC}") = "Milkora.Infrastructure", "src\Milkora.Infrastructure\Milkora.Infrastructure.csproj", "{07B18BE8-C3B7-47D1-80D1-7A7DC243C301}"
EndProject
Project("{FAE04EC0-301F-11D3-BF4B-00C04F79EFBC}") = "Milkora.API", "src\Milkora.API\Milkora.API.csproj", "{33F2583F-94B9-4894-9936-C354868DB50A}"
EndProject
Project("{FAE04EC0-301F-11D3-BF4B-00C04F79EFBC}") = "Milkora.Sync", "src\Milkora.Sync\Milkora.Sync.csproj", "{61E40B6E-9A80-4B16-88E5-A2EEE5F9FB7E}"
EndProject
Project("{FAE04EC0-301F-11D3-BF4B-00C04F79EFBC}") = "Milkora.SyncClient", "src\Milkora.SyncClient\Milkora.SyncClient.csproj", "{971F6C88-4B42-4DEF-A7AA-59596D194523}"
EndProject
Project("{FAE04EC0-301F-11D3-BF4B-00C04F79EFBC}") = "Milkora.SyncClient.Runner", "src\Milkora.SyncClient.Runner\Milkora.SyncClient.Runner.csproj", "{0F67CF97-5B90-4A02-86A0-DD59EE45BA22}"
EndProject
Project("{FAE04EC0-301F-11D3-BF4B-00C04F79EFBC}") = "Milkora.Desktop", "src\Milkora.Desktop\Milkora.Desktop.csproj", "{06F88CE3-260F-43A2-9870-68CB3AAABB75}"
EndProject
Project("{2150E333-8FDC-42A3-9474-1A3956D46DE8}") = "tests", "tests", "{0AB3BF05-4346-4AA6-1389-037BE0695223}"
EndProject
Project("{FAE04EC0-301F-11D3-BF4B-00C04F79EFBC}") = "Milkora.Application.Tests", "tests\Milkora.Application.Tests\Milkora.Application.Tests.csproj", "{31AC1804-8A29-4F09-9992-C80717B0CDC4}"
EndProject
Project("{FAE04EC0-301F-11D3-BF4B-00C04F79EFBC}") = "Milkora.Api.Tests", "tests\Milkora.Api.Tests\Milkora.Api.Tests.csproj", "{5B520E94-A9C8-41F8-8C03-DDF81FF81859}"
EndProject
Project("{FAE04EC0-301F-11D3-BF4B-00C04F79EFBC}") = "Milkora.ML", "src\Milkora.ML\Milkora.ML.csproj", "{A229CAA8-6C06-4CCA-847B-E9FA0038DA26}"
EndProject
Global
	GlobalSection(SolutionConfigurationPlatforms) = preSolution
		Debug|Any CPU = Debug|Any CPU
		Debug|x64 = Debug|x64
		Debug|x86 = Debug|x86
		Release|Any CPU = Release|Any CPU
		Release|x64 = Release|x64
		Release|x86 = Release|x86
	EndGlobalSection
	GlobalSection(ProjectConfigurationPlatforms) = postSolution
		{B8322BEF-A53F-4479-92FD-F06E0D236DF6}.Debug|Any CPU.ActiveCfg = Debug|Any CPU
		{B8322BEF-A53F-4479-92FD-F06E0D236DF6}.Debug|Any CPU.Build.0 = Debug|Any CPU
		{B8322BEF-A53F-4479-92FD-F06E0D236DF6}.Debug|x64.ActiveCfg = Debug|Any CPU
		{B8322BEF-A53F-4479-92FD-F06E0D236DF6}.Debug|x64.Build.0 = Debug|Any CPU
		{B8322BEF-A53F-4479-92FD-F06E0D236DF6}.Debug|x86.ActiveCfg = Debug|Any CPU
		{B8322BEF-A53F-4479-92FD-F06E0D236DF6}.Debug|x86.Build.0 = Debug|Any CPU
		{B8322BEF-A53F-4479-92FD-F06E0D236DF6}.Release|Any CPU.ActiveCfg = Release|Any CPU
		{B8322BEF-A53F-4479-92FD-F06E0D236DF6}.Release|Any CPU.Build.0 = Release|Any CPU
		{B8322BEF-A53F-4479-92FD-F06E0D236DF6}.Release|x64.ActiveCfg = Release|Any CPU
		{B8322BEF-A53F-4479-92FD-F06E0D236DF6}.Release|x64.Build.0 = Release|Any CPU
		{B8322BEF-A53F-4479-92FD-F06E0D236DF6}.Release|x86.ActiveCfg = Release|Any CPU
		{B8322BEF-A53F-4479-92FD-F06E0D236DF6}.Release|x86.Build.0 = Release|Any CPU
		{23DC555F-0C83-421A-8DAB-8F0948D6CC5C}.Debug|Any CPU.ActiveCfg = Debug|Any CPU
		{23DC555F-0C83-421A-8DAB-8F0948D6CC5C}.Debug|Any CPU.Build.0 = Debug|Any CPU
		{23DC555F-0C83-421A-8DAB-8F0948D6CC5C}.Debug|x64.ActiveCfg = Debug|Any CPU
		{23DC555F-0C83-421A-8DAB-8F0948D6CC5C}.Debug|x64.Build.0 = Debug|Any CPU
		{23DC555F-0C83-421A-8DAB-8F0948D6CC5C}.Debug|x86.ActiveCfg = Debug|Any CPU
		{23DC555F-0C83-421A-8DAB-8F0948D6CC5C}.Debug|x86.Build.0 = Debug|Any CPU
		{23DC555F-0C83-421A-8DAB-8F0948D6CC5C}.Release|Any CPU.ActiveCfg = Release|Any CPU
		{23DC555F-0C83-421A-8DAB-8F0948D6CC5C}.Release|Any CPU.Build.0 = Release|Any CPU
		{23DC555F-0C83-421A-8DAB-8F0948D6CC5C}.Release|x64.ActiveCfg = Release|Any CPU
		{23DC555F-0C83-421A-8DAB-8F0948D6CC5C}.Release|x64.Build.0 = Release|Any CPU
		{23DC555F-0C83-421A-8DAB-8F0948D6CC5C}.Release|x86.ActiveCfg = Release|Any CPU
		{23DC555F-0C83-421A-8DAB-8F0948D6CC5C}.Release|x86.Build.0 = Release|Any CPU
		{07B18BE8-C3B7-47D1-80D1-7A7DC243C301}.Debug|Any CPU.ActiveCfg = Debug|Any CPU
		{07B18BE8-C3B7-47D1-80D1-7A7DC243C301}.Debug|Any CPU.Build.0 = Debug|Any CPU
		{07B18BE8-C3B7-47D1-80D1-7A7DC243C301}.Debug|x64.ActiveCfg = Debug|Any CPU
		{07B18BE8-C3B7-47D1-80D1-7A7DC243C301}.Debug|x64.Build.0 = Debug|Any CPU
		{07B18BE8-C3B7-47D1-80D1-7A7DC243C301}.Debug|x86.ActiveCfg = Debug|Any CPU
		{07B18BE8-C3B7-47D1-80D1-7A7DC243C301}.Debug|x86.Build.0 = Debug|Any CPU
		{07B18BE8-C3B7-47D1-80D1-7A7DC243C301}.Release|Any CPU.ActiveCfg = Release|Any CPU
		{07B18BE8-C3B7-47D1-80D1-7A7DC243C301}.Release|Any CPU.Build.0 = Release|Any CPU
		{07B18BE8-C3B7-47D1-80D1-7A7DC243C301}.Release|x64.ActiveCfg = Release|Any CPU
		{07B18BE8-C3B7-47D1-80D1-7A7DC243C301}.Release|x64.Build.0 = Release|Any CPU
		{07B18BE8-C3B7-47D1-80D1-7A7DC243C301}.Release|x86.ActiveCfg = Release|Any CPU
		{07B18BE8-C3B7-47D1-80D1-7A7DC243C301}.Release|x86.Build.0 = Release|Any CPU
		{33F2583F-94B9-4894-9936-C354868DB50A}.Debug|Any CPU.ActiveCfg = Debug|Any CPU
		{33F2583F-94B9-4894-9936-C354868DB50A}.Debug|Any CPU.Build.0 = Debug|Any CPU
		{33F2583F-94B9-4894-9936-C354868DB50A}.Debug|x64.ActiveCfg = Debug|Any CPU
		{33F2583F-94B9-4894-9936-C354868DB50A}.Debug|x64.Build.0 = Debug|Any CPU
		{33F2583F-94B9-4894-9936-C354868DB50A}.Debug|x86.ActiveCfg = Debug|Any CPU
		{33F2583F-94B9-4894-9936-C354868DB50A}.Debug|x86.Build.0 = Debug|Any CPU
		{33F2583F-94B9-4894-9936-C354868DB50A}.Release|Any CPU.ActiveCfg = Release|Any CPU
		{33F2583F-94B9-4894-9936-C354868DB50A}.Release|Any CPU.Build.0 = Release|Any CPU
		{33F2583F-94B9-4894-9936-C354868DB50A}.Release|x64.ActiveCfg = Release|Any CPU
		{33F2583F-94B9-4894-9936-C354868DB50A}.Release|x64.Build.0 = Release|Any CPU
		{33F2583F-94B9-4894-9936-C354868DB50A}.Release|x86.ActiveCfg = Release|Any CPU
		{33F2583F-94B9-4894-9936-C354868DB50A}.Release|x86.Build.0 = Release|Any CPU
		{61E40B6E-9A80-4B16-88E5-A2EEE5F9FB7E}.Debug|Any CPU.ActiveCfg = Debug|Any CPU
		{61E40B6E-9A80-4B16-88E5-A2EEE5F9FB7E}.Debug|Any CPU.Build.0 = Debug|Any CPU
		{61E40B6E-9A80-4B16-88E5-A2EEE5F9FB7E}.Debug|x64.ActiveCfg = Debug|Any CPU
		{61E40B6E-9A80-4B16-88E5-A2EEE5F9FB7E}.Debug|x64.Build.0 = Debug|Any CPU
		{61E40B6E-9A80-4B16-88E5-A2EEE5F9FB7E}.Debug|x86.ActiveCfg = Debug|Any CPU
		{61E40B6E-9A80-4B16-88E5-A2EEE5F9FB7E}.Debug|x86.Build.0 = Debug|Any CPU
		{61E40B6E-9A80-4B16-88E5-A2EEE5F9FB7E}.Release|Any CPU.ActiveCfg = Release|Any CPU
		{61E40B6E-9A80-4B16-88E5-A2EEE5F9FB7E}.Release|Any CPU.Build.0 = Release|Any CPU
		{61E40B6E-9A80-4B16-88E5-A2EEE5F9FB7E}.Release|x64.ActiveCfg = Release|Any CPU
		{61E40B6E-9A80-4B16-88E5-A2EEE5F9FB7E}.Release|x64.Build.0 = Release|Any CPU
		{61E40B6E-9A80-4B16-88E5-A2EEE5F9FB7E}.Release|x86.ActiveCfg = Release|Any CPU
		{61E40B6E-9A80-4B16-88E5-A2EEE5F9FB7E}.Release|x86.Build.0 = Release|Any CPU
		{971F6C88-4B42-4DEF-A7AA-59596D194523}.Debug|Any CPU.ActiveCfg = Debug|Any CPU
		{971F6C88-4B42-4DEF-A7AA-59596D194523}.Debug|Any CPU.Build.0 = Debug|Any CPU
		{971F6C88-4B42-4DEF-A7AA-59596D194523}.Debug|x64.ActiveCfg = Debug|Any CPU
		{971F6C88-4B42-4DEF-A7AA-59596D194523}.Debug|x64.Build.0 = Debug|Any CPU
		{971F6C88-4B42-4DEF-A7AA-59596D194523}.Debug|x86.ActiveCfg = Debug|Any CPU
		{971F6C88-4B42-4DEF-A7AA-59596D194523}.Debug|x86.Build.0 = Debug|Any CPU
		{971F6C88-4B42-4DEF-A7AA-59596D194523}.Release|Any CPU.ActiveCfg = Release|Any CPU
		{971F6C88-4B42-4DEF-A7AA-59596D194523}.Release|Any CPU.Build.0 = Release|Any CPU
		{971F6C88-4B42-4DEF-A7AA-59596D194523}.Release|x64.ActiveCfg = Release|Any CPU
		{971F6C88-4B42-4DEF-A7AA-59596D194523}.Release|x64.Build.0 = Release|Any CPU
		{971F6C88-4B42-4DEF-A7AA-59596D194523}.Release|x86.ActiveCfg = Release|Any CPU
		{971F6C88-4B42-4DEF-A7AA-59596D194523}.Release|x86.Build.0 = Release|Any CPU
		{0F67CF97-5B90-4A02-86A0-DD59EE45BA22}.Debug|Any CPU.ActiveCfg = Debug|Any CPU
		{0F67CF97-5B90-4A02-86A0-DD59EE45BA22}.Debug|Any CPU.Build.0 = Debug|Any CPU
		{0F67CF97-5B90-4A02-86A0-DD59EE45BA22}.Debug|x64.ActiveCfg = Debug|Any CPU
		{0F67CF97-5B90-4A02-86A0-DD59EE45BA22}.Debug|x64.Build.0 = Debug|Any CPU
		{0F67CF97-5B90-4A02-86A0-DD59EE45BA22}.Debug|x86.ActiveCfg = Debug|Any CPU
		{0F67CF97-5B90-4A02-86A0-DD59EE45BA22}.Debug|x86.Build.0 = Debug|Any CPU
		{0F67CF97-5B90-4A02-86A0-DD59EE45BA22}.Release|Any CPU.ActiveCfg = Release|Any CPU
		{0F67CF97-5B90-4A02-86A0-DD59EE45BA22}.Release|Any CPU.Build.0 = Release|Any CPU
		{0F67CF97-5B90-4A02-86A0-DD59EE45BA22}.Release|x64.ActiveCfg = Release|Any CPU
		{0F67CF97-5B90-4A02-86A0-DD59EE45BA22}.Release|x64.Build.0 = Release|Any CPU
		{0F67CF97-5B90-4A02-86A0-DD59EE45BA22}.Release|x86.ActiveCfg = Release|Any CPU
		{0F67CF97-5B90-4A02-86A0-DD59EE45BA22}.Release|x86.Build.0 = Release|Any CPU
		{06F88CE3-260F-43A2-9870-68CB3AAABB75}.Debug|Any CPU.ActiveCfg = Debug|Any CPU
		{06F88CE3-260F-43A2-9870-68CB3AAABB75}.Debug|Any CPU.Build.0 = Debug|Any CPU
		{06F88CE3-260F-43A2-9870-68CB3AAABB75}.Debug|x64.ActiveCfg = Debug|Any CPU
		{06F88CE3-260F-43A2-9870-68CB3AAABB75}.Debug|x64.Build.0 = Debug|Any CPU
		{06F88CE3-260F-43A2-9870-68CB3AAABB75}.Debug|x86.ActiveCfg = Debug|Any CPU
		{06F88CE3-260F-43A2-9870-68CB3AAABB75}.Debug|x86.Build.0 = Debug|Any CPU
		{06F88CE3-260F-43A2-9870-68CB3AAABB75}.Release|Any CPU.ActiveCfg = Release|Any CPU
		{06F88CE3-260F-43A2-9870-68CB3AAABB75}.Release|Any CPU.Build.0 = Release|Any CPU
		{06F88CE3-260F-43A2-9870-68CB3AAABB75}.Release|x64.ActiveCfg = Release|Any CPU
		{06F88CE3-260F-43A2-9870-68CB3AAABB75}.Release|x64.Build.0 = Release|Any CPU
		{06F88CE3-260F-43A2-9870-68CB3AAABB75}.Release|x86.ActiveCfg = Release|Any CPU
		{06F88CE3-260F-43A2-9870-68CB3AAABB75}.Release|x86.Build.0 = Release|Any CPU
		{31AC1804-8A29-4F09-9992-C80717B0CDC4}.Debug|Any CPU.ActiveCfg = Debug|Any CPU
		{31AC1804-8A29-4F09-9992-C80717B0CDC4}.Debug|Any CPU.Build.0 = Debug|Any CPU
		{31AC1804-8A29-4F09-9992-C80717B0CDC4}.Debug|x64.ActiveCfg = Debug|Any CPU
		{31AC1804-8A29-4F09-9992-C80717B0CDC4}.Debug|x64.Build.0 = Debug|Any CPU
		{31AC1804-8A29-4F09-9992-C80717B0CDC4}.Debug|x86.ActiveCfg = Debug|Any CPU
		{31AC1804-8A29-4F09-9992-C80717B0CDC4}.Debug|x86.Build.0 = Debug|Any CPU
		{31AC1804-8A29-4F09-9992-C80717B0CDC4}.Release|Any CPU.ActiveCfg = Release|Any CPU
		{31AC1804-8A29-4F09-9992-C80717B0CDC4}.Release|Any CPU.Build.0 = Release|Any CPU
		{31AC1804-8A29-4F09-9992-C80717B0CDC4}.Release|x64.ActiveCfg = Release|Any CPU
		{31AC1804-8A29-4F09-9992-C80717B0CDC4}.Release|x64.Build.0 = Release|Any CPU
		{31AC1804-8A29-4F09-9992-C80717B0CDC4}.Release|x86.ActiveCfg = Release|Any CPU
		{31AC1804-8A29-4F09-9992-C80717B0CDC4}.Release|x86.Build.0 = Release|Any CPU
		{5B520E94-A9C8-41F8-8C03-DDF81FF81859}.Debug|Any CPU.ActiveCfg = Debug|Any CPU
		{5B520E94-A9C8-41F8-8C03-DDF81FF81859}.Debug|Any CPU.Build.0 = Debug|Any CPU
		{5B520E94-A9C8-41F8-8C03-DDF81FF81859}.Debug|x64.ActiveCfg = Debug|Any CPU
		{5B520E94-A9C8-41F8-8C03-DDF81FF81859}.Debug|x64.Build.0 = Debug|Any CPU
		{5B520E94-A9C8-41F8-8C03-DDF81FF81859}.Debug|x86.ActiveCfg = Debug|Any CPU
		{5B520E94-A9C8-41F8-8C03-DDF81FF81859}.Debug|x86.Build.0 = Debug|Any CPU
		{5B520E94-A9C8-41F8-8C03-DDF81FF81859}.Release|Any CPU.ActiveCfg = Release|Any CPU
		{5B520E94-A9C8-41F8-8C03-DDF81FF81859}.Release|Any CPU.Build.0 = Release|Any CPU
		{5B520E94-A9C8-41F8-8C03-DDF81FF81859}.Release|x64.ActiveCfg = Release|Any CPU
		{5B520E94-A9C8-41F8-8C03-DDF81FF81859}.Release|x64.Build.0 = Release|Any CPU
		{5B520E94-A9C8-41F8-8C03-DDF81FF81859}.Release|x86.ActiveCfg = Release|Any CPU
		{5B520E94-A9C8-41F8-8C03-DDF81FF81859}.Release|x86.Build.0 = Release|Any CPU
		{A229CAA8-6C06-4CCA-847B-E9FA0038DA26}.Debug|Any CPU.ActiveCfg = Debug|Any CPU
		{A229CAA8-6C06-4CCA-847B-E9FA0038DA26}.Debug|Any CPU.Build.0 = Debug|Any CPU
		{A229CAA8-6C06-4CCA-847B-E9FA0038DA26}.Debug|x64.ActiveCfg = Debug|Any CPU
		{A229CAA8-6C06-4CCA-847B-E9FA0038DA26}.Debug|x64.Build.0 = Debug|Any CPU
		{A229CAA8-6C06-4CCA-847B-E9FA0038DA26}.Debug|x86.ActiveCfg = Debug|Any CPU
		{A229CAA8-6C06-4CCA-847B-E9FA0038DA26}.Debug|x86.Build.0 = Debug|Any CPU
		{A229CAA8-6C06-4CCA-847B-E9FA0038DA26}.Release|Any CPU.ActiveCfg = Release|Any CPU
		{A229CAA8-6C06-4CCA-847B-E9FA0038DA26}.Release|Any CPU.Build.0 = Release|Any CPU
		{A229CAA8-6C06-4CCA-847B-E9FA0038DA26}.Release|x64.ActiveCfg = Release|Any CPU
		{A229CAA8-6C06-4CCA-847B-E9FA0038DA26}.Release|x64.Build.0 = Release|Any CPU
		{A229CAA8-6C06-4CCA-847B-E9FA0038DA26}.Release|x86.ActiveCfg = Release|Any CPU
		{A229CAA8-6C06-4CCA-847B-E9FA0038DA26}.Release|x86.Build.0 = Release|Any CPU
	EndGlobalSection
	GlobalSection(SolutionProperties) = preSolution
		HideSolutionNode = FALSE
	EndGlobalSection
	GlobalSection(NestedProjects) = preSolution
		{B8322BEF-A53F-4479-92FD-F06E0D236DF6} = {827E0CD3-B72D-47B6-A68D-7590B98EB39B}
		{23DC555F-0C83-421A-8DAB-8F0948D6CC5C} = {827E0CD3-B72D-47B6-A68D-7590B98EB39B}
		{07B18BE8-C3B7-47D1-80D1-7A7DC243C301} = {827E0CD3-B72D-47B6-A68D-7590B98EB39B}
		{33F2583F-94B9-4894-9936-C354868DB50A} = {827E0CD3-B72D-47B6-A68D-7590B98EB39B}
		{61E40B6E-9A80-4B16-88E5-A2EEE5F9FB7E} = {827E0CD3-B72D-47B6-A68D-7590B98EB39B}
		{971F6C88-4B42-4DEF-A7AA-59596D194523} = {827E0CD3-B72D-47B6-A68D-7590B98EB39B}
		{0F67CF97-5B90-4A02-86A0-DD59EE45BA22} = {827E0CD3-B72D-47B6-A68D-7590B98EB39B}
		{06F88CE3-260F-43A2-9870-68CB3AAABB75} = {827E0CD3-B72D-47B6-A68D-7590B98EB39B}
		{31AC1804-8A29-4F09-9992-C80717B0CDC4} = {0AB3BF05-4346-4AA6-1389-037BE0695223}
		{5B520E94-A9C8-41F8-8C03-DDF81FF81859} = {0AB3BF05-4346-4AA6-1389-037BE0695223}
		{A229CAA8-6C06-4CCA-847B-E9FA0038DA26} = {827E0CD3-B72D-47B6-A68D-7590B98EB39B}
	EndGlobalSection
EndGlobal
